
Microsoft Visual Studio Solution File, Format Version 12.00
# Visual Studio 15
VisualStudioVersion = 15.0.28010.2048
MinimumVisualStudioVersion = 10.0.40219.1
Project("{8BC9CEB8-8B4A-11D0-8D11-00A0C91BC942}") = "Task 2", "Task 2\Task 2.vcxproj", "{A56D4F24-DA5D-4324-9A76-C6EDF6DA4FCD}"
EndProject
Global
	GlobalSection(SolutionConfigurationPlatforms) = preSolution
		Debug|x64 = Debug|x64
		Debug|x86 = Debug|x86
		Release|x64 = Release|x64
		Release|x86 = Release|x86
	EndGlobalSection
	GlobalSection(ProjectConfigurationPlatforms) = postSolution
		{A56D4F24-DA5D-4324-9A76-C6EDF6DA4FCD}.Debug|x64.ActiveCfg = Debug|x64
		{A56D4F24-DA5D-4324-9A76-C6EDF6DA4FCD}.Debug|x64.Build.0 = Debug|x64
		{A56D4F24-DA5D-4324-9A76-C6EDF6DA4FCD}.Debug|x86.ActiveCfg = Debug|Win32
		{A56D4F24-DA5D-4324-9A76-C6EDF6DA4FCD}.Debug|x86.Build.0 = Debug|Win32
		{A56D4F24-DA5D-4324-9A76-C6EDF6DA4FCD}.Release|x64.ActiveCfg = Release|x64
		{A56D4F24-DA5D-4324-9A76-C6EDF6DA4FCD}.Release|x64.Build.0 = Release|x64
		{A56D4F24-DA5D-4324-9A76-C6EDF6DA4FCD}.Release|x86.ActiveCfg = Release|Win32
		{A56D4F24-DA5D-4324-9A76-C6EDF6DA4FCD}.Release|x86.Build.0 = Release|Win32
	EndGlobalSection
	GlobalSection(SolutionProperties) = preSolution
		HideSolutionNode = FALSE
	EndGlobalSection
	GlobalSection(ExtensibilityGlobals) = postSolution
		SolutionGuid = {11ACA2BF-A2EA-4C94-B2FE-30E9B7FD5ED6}
	EndGlobalSection
EndGlobal
